# This file is automatically @generated by Cargo.
# It is not intended for manual editing.
version = 4

[[package]]
name = "dashbuf"
version = "0.1.0"

[[package]]
name = "dashc"
version = "0.1.0"

[[package]]
name = "dashcue"
version = "0.1.0"

[[package]]
name = "dashlang"
version = "0.1.0"

[[package]]
name = "dashpaint"
version = "0.1.0"

[[package]]
name = "dashscene"
version = "0.1.0"

[[package]]
name = "dashscene-compose"
version = "0.1.0"

[[package]]
name = "dashscene-core"
version = "0.1.0"

[[package]]
name = "dashscene-engine"
version = "0.1.0"

[[package]]
name = "dashscene-unity"
version = "0.1.0"

[[package]]
name = "dashscene-web"
version = "0.1.0"

[[package]]
name = "dashscore"
version = "0.1.0"
