{
  "version": "5",
  "specifiers": {
    "jsr:@std/assert@1": "1.0.19",
    "jsr:@std/internal@^1.0.12": "1.0.14",
    "npm:@figma/plugin-typings@1": "1.130.0",
    "npm:@figma/rest-api-spec@0.28": "0.28.0"
  },
  "jsr": {
    "@std/assert@1.0.19": {
      "integrity": "eaada96ee120cb980bc47e040f82814d786fe8162ecc53c91d8df60b8755991e",
      "dependencies": [
        "jsr:@std/internal"
      ]
    },
    "@std/internal@1.0.14": {
      "integrity": "291516b3d4c35024d6ffbc0a9df5bf4c64116e05b50012cf846710152d2ffdf7"
    }
  },
  "npm": {
    "@figma/plugin-typings@1.130.0": {
      "integrity": "sha512-kz+eU4TXBr99YrMyF2/WtcsdS6K4Ksy3datZZtuCUUSDPRknJAVLZpjhBESCd0tCtHRWKeo4l/I7Aze6lHB52A=="
    },
    "@figma/rest-api-spec@0.28.0": {
      "integrity": "sha512-WOUX4lXCDNeK6lbGQlLQcbcMkVetj9wsNf8WMJgjbRovJPSBmmNPqa8JzDBezmjTiRBsj176/Y0oM5yNnhyBJw=="
    }
  },
  "workspace": {
    "dependencies": [
      "jsr:@std/assert@1",
      "jsr:@std/path@1",
      "jsr:@std/testing@1",
      "npm:@figma/plugin-typings@1",
      "npm:@figma/rest-api-spec@0.28"
    ]
  }
}
